
Microsoft Visual Studio Solution File, Format Version 12.00
# Visual Studio Version 17
VisualStudioVersion = 17.10.35013.160
MinimumVisualStudioVersion = 10.0.40219.1
Project("{2150E333-8FDC-42A3-9474-1A3956D46DE8}") = "Services", "Services", "{A14840A1-017C-4825-80E0-6C3FE86BBCCD}"
EndProject
Project("{2150E333-8FDC-42A3-9474-1A3956D46DE8}") = "Catalog", "Catalog", "{97446CA3-3691-45A3-B783-850F5169AABD}"
EndProject
Project("{9A19103F-16F7-4668-BE54-9A1E7A4F7556}") = "MultiShop.Catalog", "Services\Catalog\MultiShop.Catalog\MultiShop.Catalog.csproj", "{5887CB8A-FE4A-4D80-A13C-64958BB7DFCF}"
EndProject
Project("{2150E333-8FDC-42A3-9474-1A3956D46DE8}") = "Discount", "Discount", "{87AC189D-72CE-45FA-ABF1-18D5A3669A92}"
EndProject
Project("{9A19103F-16F7-4668-BE54-9A1E7A4F7556}") = "MultiShop.Discount", "Services\Discount\MultiShop.Discount\MultiShop.Discount.csproj", "{8B6761A4-6BFD-4A9B-A42B-3C91BAE6B518}"
EndProject
Project("{2150E333-8FDC-42A3-9474-1A3956D46DE8}") = "Order", "Order", "{797DCF49-0396-44F6-A9CD-ECD11367C89B}"
EndProject
Project("{2150E333-8FDC-42A3-9474-1A3956D46DE8}") = "Core", "Core", "{716730AD-2D38-454A-9EC9-9D74D618519B}"
EndProject
Project("{2150E333-8FDC-42A3-9474-1A3956D46DE8}") = "Infrastructure", "Infrastructure", "{C97FCD48-7D75-4B44-89E1-4D5A06A6BDD6}"
EndProject
Project("{2150E333-8FDC-42A3-9474-1A3956D46DE8}") = "Presentation", "Presentation", "{242053EA-40F4-458E-B884-6EEB578D5765}"
EndProject
Project("{9A19103F-16F7-4668-BE54-9A1E7A4F7556}") = "MultiShop.Order.Domain", "Services\Order\Core\MultiShop.Order.Domain\MultiShop.Order.Domain.csproj", "{4AEFA855-DFF2-4372-B4FA-4234AD252961}"
EndProject
Project("{9A19103F-16F7-4668-BE54-9A1E7A4F7556}") = "MultiShop.Order.Application", "Services\Order\Core\MultiShop.Order.Application\MultiShop.Order.Application.csproj", "{8E759A18-F947-4178-BA2E-6B74513B78C7}"
EndProject
Project("{9A19103F-16F7-4668-BE54-9A1E7A4F7556}") = "MultiShop.Order.Persistance", "Services\Order\Infrastructure\MultiShop.Order.Persistance\MultiShop.Order.Persistance.csproj", "{9D2477B9-C0BC-46BB-B2AD-560EE83BBAF7}"
EndProject
Project("{9A19103F-16F7-4668-BE54-9A1E7A4F7556}") = "MultiShop.Order.WebAPI", "Services\Order\Presentation\MultiShop.Order.WebAPI\MultiShop.Order.WebAPI.csproj", "{54470634-3872-4163-9A7E-A80D97952509}"
EndProject
Project("{2150E333-8FDC-42A3-9474-1A3956D46DE8}") = "IdentityServer", "IdentityServer", "{8D67DFA3-F6DC-42BE-90DC-94694AB0CAF9}"
EndProject
Project("{9A19103F-16F7-4668-BE54-9A1E7A4F7556}") = "MultiShop.IdentityServer", "IdentityServer\MultiShop.IdentityServer\MultiShop.IdentityServer.csproj", "{DD8243A0-2B98-4231-B97F-3FA03E0A1AD5}"
EndProject
Project("{2150E333-8FDC-42A3-9474-1A3956D46DE8}") = "Requirements", "Requirements", "{430EFA6B-A8C7-43B2-A616-F17CF404C07A}"
	ProjectSection(SolutionItems) = preProject
		PortNumbers.txt = PortNumbers.txt
	EndProjectSection
EndProject
Global
	GlobalSection(SolutionConfigurationPlatforms) = preSolution
		Debug|Any CPU = Debug|Any CPU
		Release|Any CPU = Release|Any CPU
	EndGlobalSection
	GlobalSection(ProjectConfigurationPlatforms) = postSolution
		{5887CB8A-FE4A-4D80-A13C-64958BB7DFCF}.Debug|Any CPU.ActiveCfg = Debug|Any CPU
		{5887CB8A-FE4A-4D80-A13C-64958BB7DFCF}.Debug|Any CPU.Build.0 = Debug|Any CPU
		{5887CB8A-FE4A-4D80-A13C-64958BB7DFCF}.Release|Any CPU.ActiveCfg = Release|Any CPU
		{5887CB8A-FE4A-4D80-A13C-64958BB7DFCF}.Release|Any CPU.Build.0 = Release|Any CPU
		{8B6761A4-6BFD-4A9B-A42B-3C91BAE6B518}.Debug|Any CPU.ActiveCfg = Debug|Any CPU
		{8B6761A4-6BFD-4A9B-A42B-3C91BAE6B518}.Debug|Any CPU.Build.0 = Debug|Any CPU
		{8B6761A4-6BFD-4A9B-A42B-3C91BAE6B518}.Release|Any CPU.ActiveCfg = Release|Any CPU
		{8B6761A4-6BFD-4A9B-A42B-3C91BAE6B518}.Release|Any CPU.Build.0 = Release|Any CPU
		{4AEFA855-DFF2-4372-B4FA-4234AD252961}.Debug|Any CPU.ActiveCfg = Debug|Any CPU
		{4AEFA855-DFF2-4372-B4FA-4234AD252961}.Debug|Any CPU.Build.0 = Debug|Any CPU
		{4AEFA855-DFF2-4372-B4FA-4234AD252961}.Release|Any CPU.ActiveCfg = Release|Any CPU
		{4AEFA855-DFF2-4372-B4FA-4234AD252961}.Release|Any CPU.Build.0 = Release|Any CPU
		{8E759A18-F947-4178-BA2E-6B74513B78C7}.Debug|Any CPU.ActiveCfg = Debug|Any CPU
		{8E759A18-F947-4178-BA2E-6B74513B78C7}.Debug|Any CPU.Build.0 = Debug|Any CPU
		{8E759A18-F947-4178-BA2E-6B74513B78C7}.Release|Any CPU.ActiveCfg = Release|Any CPU
		{8E759A18-F947-4178-BA2E-6B74513B78C7}.Release|Any CPU.Build.0 = Release|Any CPU
		{9D2477B9-C0BC-46BB-B2AD-560EE83BBAF7}.Debug|Any CPU.ActiveCfg = Debug|Any CPU
		{9D2477B9-C0BC-46BB-B2AD-560EE83BBAF7}.Debug|Any CPU.Build.0 = Debug|Any CPU
		{9D2477B9-C0BC-46BB-B2AD-560EE83BBAF7}.Release|Any CPU.ActiveCfg = Release|Any CPU
		{9D2477B9-C0BC-46BB-B2AD-560EE83BBAF7}.Release|Any CPU.Build.0 = Release|Any CPU
		{54470634-3872-4163-9A7E-A80D97952509}.Debug|Any CPU.ActiveCfg = Debug|Any CPU
		{54470634-3872-4163-9A7E-A80D97952509}.Debug|Any CPU.Build.0 = Debug|Any CPU
		{54470634-3872-4163-9A7E-A80D97952509}.Release|Any CPU.ActiveCfg = Release|Any CPU
		{54470634-3872-4163-9A7E-A80D97952509}.Release|Any CPU.Build.0 = Release|Any CPU
		{DD8243A0-2B98-4231-B97F-3FA03E0A1AD5}.Debug|Any CPU.ActiveCfg = Debug|Any CPU
		{DD8243A0-2B98-4231-B97F-3FA03E0A1AD5}.Debug|Any CPU.Build.0 = Debug|Any CPU
		{DD8243A0-2B98-4231-B97F-3FA03E0A1AD5}.Release|Any CPU.ActiveCfg = Release|Any CPU
		{DD8243A0-2B98-4231-B97F-3FA03E0A1AD5}.Release|Any CPU.Build.0 = Release|Any CPU
	EndGlobalSection
	GlobalSection(SolutionProperties) = preSolution
		HideSolutionNode = FALSE
	EndGlobalSection
	GlobalSection(NestedProjects) = preSolution
		{97446CA3-3691-45A3-B783-850F5169AABD} = {A14840A1-017C-4825-80E0-6C3FE86BBCCD}
		{5887CB8A-FE4A-4D80-A13C-64958BB7DFCF} = {97446CA3-3691-45A3-B783-850F5169AABD}
		{87AC189D-72CE-45FA-ABF1-18D5A3669A92} = {A14840A1-017C-4825-80E0-6C3FE86BBCCD}
		{8B6761A4-6BFD-4A9B-A42B-3C91BAE6B518} = {87AC189D-72CE-45FA-ABF1-18D5A3669A92}
		{797DCF49-0396-44F6-A9CD-ECD11367C89B} = {A14840A1-017C-4825-80E0-6C3FE86BBCCD}
		{716730AD-2D38-454A-9EC9-9D74D618519B} = {797DCF49-0396-44F6-A9CD-ECD11367C89B}
		{C97FCD48-7D75-4B44-89E1-4D5A06A6BDD6} = {797DCF49-0396-44F6-A9CD-ECD11367C89B}
		{242053EA-40F4-458E-B884-6EEB578D5765} = {797DCF49-0396-44F6-A9CD-ECD11367C89B}
		{4AEFA855-DFF2-4372-B4FA-4234AD252961} = {716730AD-2D38-454A-9EC9-9D74D618519B}
		{8E759A18-F947-4178-BA2E-6B74513B78C7} = {716730AD-2D38-454A-9EC9-9D74D618519B}
		{9D2477B9-C0BC-46BB-B2AD-560EE83BBAF7} = {C97FCD48-7D75-4B44-89E1-4D5A06A6BDD6}
		{54470634-3872-4163-9A7E-A80D97952509} = {242053EA-40F4-458E-B884-6EEB578D5765}
		{DD8243A0-2B98-4231-B97F-3FA03E0A1AD5} = {8D67DFA3-F6DC-42BE-90DC-94694AB0CAF9}
	EndGlobalSection
	GlobalSection(ExtensibilityGlobals) = postSolution
		SolutionGuid = {1B2912DB-4A52-4B19-869B-A9AB6B624CF9}
	EndGlobalSection
EndGlobal
