
Microsoft Visual Studio Solution File, Format Version 12.00
# Visual Studio Version 17
VisualStudioVersion = 17.10.35013.160
MinimumVisualStudioVersion = 10.0.40219.1
Project("{2150E333-8FDC-42A3-9474-1A3956D46DE8}") = "Services", "Services", "{A14840A1-017C-4825-80E0-6C3FE86BBCCD}"
EndProject
Project("{2150E333-8FDC-42A3-9474-1A3956D46DE8}") = "Catalog", "Catalog", "{97446CA3-3691-45A3-B783-850F5169AABD}"
EndProject
Project("{9A19103F-16F7-4668-BE54-9A1E7A4F7556}") = "MultiShop.Catalog", "Services\Catalog\MultiShop.Catalog\MultiShop.Catalog.csproj", "{5887CB8A-FE4A-4D80-A13C-64958BB7DFCF}"
EndProject
Project("{2150E333-8FDC-42A3-9474-1A3956D46DE8}") = "Discount", "Discount", "{87AC189D-72CE-45FA-ABF1-18D5A3669A92}"
EndProject
Project("{9A19103F-16F7-4668-BE54-9A1E7A4F7556}") = "MultiShop.Discount", "Services\Discount\MultiShop.Discount\MultiShop.Discount.csproj", "{8B6761A4-6BFD-4A9B-A42B-3C91BAE6B518}"
EndProject
Project("{2150E333-8FDC-42A3-9474-1A3956D46DE8}") = "Order", "Order", "{797DCF49-0396-44F6-A9CD-ECD11367C89B}"
EndProject
Project("{2150E333-8FDC-42A3-9474-1A3956D46DE8}") = "Core", "Core", "{716730AD-2D38-454A-9EC9-9D74D618519B}"
EndProject
Project("{2150E333-8FDC-42A3-9474-1A3956D46DE8}") = "Infrastructure", "Infrastructure", "{C97FCD48-7D75-4B44-89E1-4D5A06A6BDD6}"
EndProject
Project("{2150E333-8FDC-42A3-9474-1A3956D46DE8}") = "Presentation", "Presentation", "{242053EA-40F4-458E-B884-6EEB578D5765}"
EndProject
Project("{9A19103F-16F7-4668-BE54-9A1E7A4F7556}") = "MultiShop.Order.Domain", "Services\Order\Core\MultiShop.Order.Domain\MultiShop.Order.Domain.csproj", "{4AEFA855-DFF2-4372-B4FA-4234AD252961}"
EndProject
Project("{9A19103F-16F7-4668-BE54-9A1E7A4F7556}") = "MultiShop.Order.Application", "Services\Order\Core\MultiShop.Order.Application\MultiShop.Order.Application.csproj", "{8E759A18-F947-4178-BA2E-6B74513B78C7}"
EndProject
Project("{9A19103F-16F7-4668-BE54-9A1E7A4F7556}") = "MultiShop.Order.Persistance", "Services\Order\Infrastructure\MultiShop.Order.Persistance\MultiShop.Order.Persistance.csproj", "{9D2477B9-C0BC-46BB-B2AD-560EE83BBAF7}"
EndProject
Project("{9A19103F-16F7-4668-BE54-9A1E7A4F7556}") = "MultiShop.Order.WebAPI", "Services\Order\Presentation\MultiShop.Order.WebAPI\MultiShop.Order.WebAPI.csproj", "{54470634-3872-4163-9A7E-A80D97952509}"
EndProject
Project("{2150E333-8FDC-42A3-9474-1A3956D46DE8}") = "IdentityServer", "IdentityServer", "{8D67DFA3-F6DC-42BE-90DC-94694AB0CAF9}"
EndProject
Project("{9A19103F-16F7-4668-BE54-9A1E7A4F7556}") = "MultiShop.IdentityServer", "IdentityServer\MultiShop.IdentityServer\MultiShop.IdentityServer.csproj", "{DD8243A0-2B98-4231-B97F-3FA03E0A1AD5}"
EndProject
Project("{2150E333-8FDC-42A3-9474-1A3956D46DE8}") = "Requirements", "Requirements", "{430EFA6B-A8C7-43B2-A616-F17CF404C07A}"
	ProjectSection(SolutionItems) = preProject
		PortNumbers.txt = PortNumbers.txt
		UserExamples.txt = UserExamples.txt
	EndProjectSection
EndProject
Project("{2150E333-8FDC-42A3-9474-1A3956D46DE8}") = "Cargo", "Cargo", "{9389D8C0-6718-4041-BEB9-95673A447BFC}"
EndProject
Project("{9A19103F-16F7-4668-BE54-9A1E7A4F7556}") = "MultiShop.Cargo.Business", "Services\Cargo\MultiShop.Cargo.Business\MultiShop.Cargo.Business.csproj", "{BC060B59-41D4-469F-8526-82C448C93BEB}"
EndProject
Project("{9A19103F-16F7-4668-BE54-9A1E7A4F7556}") = "MultiShop.Cargo.Entity", "Services\Cargo\MultiShop.Cargo.Entity\MultiShop.Cargo.Entity.csproj", "{84E8EBDC-16E4-43D2-8E7A-1787C1C27A7A}"
EndProject
Project("{9A19103F-16F7-4668-BE54-9A1E7A4F7556}") = "MultiShop.Cargo.DataAccess", "Services\Cargo\MultiShop.Cargo.DataAccess\MultiShop.Cargo.DataAccess.csproj", "{9FE92C0F-B087-4C3C-8C41-6093336B6A75}"
EndProject
Project("{9A19103F-16F7-4668-BE54-9A1E7A4F7556}") = "MultiShop.Cargo.Dto", "Services\Cargo\MultiShop.Cargo.Dto\MultiShop.Cargo.Dto.csproj", "{36640098-C071-4162-8AF2-DE3258F1880C}"
EndProject
Project("{9A19103F-16F7-4668-BE54-9A1E7A4F7556}") = "MultiShop.Cargo.WebAPI", "Services\Cargo\MultiShop.Cargo.WebAPI\MultiShop.Cargo.WebAPI.csproj", "{C74B633B-5513-456C-9826-7980EF7D4D22}"
EndProject
Project("{2150E333-8FDC-42A3-9474-1A3956D46DE8}") = "Basket", "Basket", "{85AE4E2E-0811-4BEC-A196-D356C9C0B5B1}"
EndProject
Project("{9A19103F-16F7-4668-BE54-9A1E7A4F7556}") = "MultiShop.Basket", "Services\Basket\MultiShop.Basket\MultiShop.Basket.csproj", "{F4CA917B-6CA3-4B2A-A43B-16527B7D4497}"
EndProject
Project("{2150E333-8FDC-42A3-9474-1A3956D46DE8}") = "FrontEnds", "FrontEnds", "{832185C2-52D1-4909-AB8F-02F39B6D43F0}"
EndProject
Project("{9A19103F-16F7-4668-BE54-9A1E7A4F7556}") = "MultiShop.WebUI", "FrontEnds\MultiShop.WebUI\MultiShop.WebUI.csproj", "{5CE0D283-84F1-4AF0-8325-7E028C5C614A}"
EndProject
Project("{2150E333-8FDC-42A3-9474-1A3956D46DE8}") = "Comment", "Comment", "{CF16A6E7-3643-447C-8AE9-5681ED67862C}"
EndProject
Project("{9A19103F-16F7-4668-BE54-9A1E7A4F7556}") = "MultiShop.Comment", "Services\Comment\MultiShop.Comment\MultiShop.Comment.csproj", "{02E6E3C4-8421-456C-881C-77219A88E618}"
EndProject
Project("{2150E333-8FDC-42A3-9474-1A3956D46DE8}") = "ApiGateway", "ApiGateway", "{0DCF7A56-1B6D-4E55-BAF2-242C6F943DBD}"
EndProject
Project("{2150E333-8FDC-42A3-9474-1A3956D46DE8}") = "RapidApi", "RapidApi", "{9030727C-B41B-460B-8E19-C519AA51EDC7}"
EndProject
Project("{9A19103F-16F7-4668-BE54-9A1E7A4F7556}") = "MultiShop.OcelotGateway", "ApiGateway\MultiShop.OcelotGateway\MultiShop.OcelotGateway.csproj", "{D9724E35-28FB-4BA2-8DDA-1F7AD64E0FB2}"
EndProject
Project("{2150E333-8FDC-42A3-9474-1A3956D46DE8}") = "Payment", "Payment", "{504877DA-67DB-4A05-AFC4-2AFC5DED90DE}"
EndProject
Project("{9A19103F-16F7-4668-BE54-9A1E7A4F7556}") = "MultiShop.Payment", "Services\Payment\MultiShop.Payment\MultiShop.Payment.csproj", "{64B1BFED-2088-4C87-B0FC-D290BA6F9E1F}"
EndProject
Project("{2150E333-8FDC-42A3-9474-1A3956D46DE8}") = "ImageStorage", "ImageStorage", "{22570D6B-4CF8-4A88-A547-CF4B0B8A7ACE}"
EndProject
Project("{9A19103F-16F7-4668-BE54-9A1E7A4F7556}") = "MultiShop.ImageStorage", "Services\ImageStorage\MultiShop.ImageStorage\MultiShop.ImageStorage.csproj", "{2B61D78D-69B9-4659-8CC7-2836752FCDAB}"
EndProject
Project("{2150E333-8FDC-42A3-9474-1A3956D46DE8}") = "Message", "Message", "{FF712303-22B0-4424-8344-516711174FBE}"
EndProject
Project("{FAE04EC0-301F-11D3-BF4B-00C04F79EFBC}") = "MultiShop.Message", "Services\MultiShop.Message\MultiShop.Message.csproj", "{A8DD21F7-637C-4BCC-95A2-840796819F81}"
EndProject
Global
	GlobalSection(SolutionConfigurationPlatforms) = preSolution
		Debug|Any CPU = Debug|Any CPU
		Release|Any CPU = Release|Any CPU
	EndGlobalSection
	GlobalSection(ProjectConfigurationPlatforms) = postSolution
		{5887CB8A-FE4A-4D80-A13C-64958BB7DFCF}.Debug|Any CPU.ActiveCfg = Debug|Any CPU
		{5887CB8A-FE4A-4D80-A13C-64958BB7DFCF}.Debug|Any CPU.Build.0 = Debug|Any CPU
		{5887CB8A-FE4A-4D80-A13C-64958BB7DFCF}.Release|Any CPU.ActiveCfg = Release|Any CPU
		{5887CB8A-FE4A-4D80-A13C-64958BB7DFCF}.Release|Any CPU.Build.0 = Release|Any CPU
		{8B6761A4-6BFD-4A9B-A42B-3C91BAE6B518}.Debug|Any CPU.ActiveCfg = Debug|Any CPU
		{8B6761A4-6BFD-4A9B-A42B-3C91BAE6B518}.Debug|Any CPU.Build.0 = Debug|Any CPU
		{8B6761A4-6BFD-4A9B-A42B-3C91BAE6B518}.Release|Any CPU.ActiveCfg = Release|Any CPU
		{8B6761A4-6BFD-4A9B-A42B-3C91BAE6B518}.Release|Any CPU.Build.0 = Release|Any CPU
		{4AEFA855-DFF2-4372-B4FA-4234AD252961}.Debug|Any CPU.ActiveCfg = Debug|Any CPU
		{4AEFA855-DFF2-4372-B4FA-4234AD252961}.Debug|Any CPU.Build.0 = Debug|Any CPU
		{4AEFA855-DFF2-4372-B4FA-4234AD252961}.Release|Any CPU.ActiveCfg = Release|Any CPU
		{4AEFA855-DFF2-4372-B4FA-4234AD252961}.Release|Any CPU.Build.0 = Release|Any CPU
		{8E759A18-F947-4178-BA2E-6B74513B78C7}.Debug|Any CPU.ActiveCfg = Debug|Any CPU
		{8E759A18-F947-4178-BA2E-6B74513B78C7}.Debug|Any CPU.Build.0 = Debug|Any CPU
		{8E759A18-F947-4178-BA2E-6B74513B78C7}.Release|Any CPU.ActiveCfg = Release|Any CPU
		{8E759A18-F947-4178-BA2E-6B74513B78C7}.Release|Any CPU.Build.0 = Release|Any CPU
		{9D2477B9-C0BC-46BB-B2AD-560EE83BBAF7}.Debug|Any CPU.ActiveCfg = Debug|Any CPU
		{9D2477B9-C0BC-46BB-B2AD-560EE83BBAF7}.Debug|Any CPU.Build.0 = Debug|Any CPU
		{9D2477B9-C0BC-46BB-B2AD-560EE83BBAF7}.Release|Any CPU.ActiveCfg = Release|Any CPU
		{9D2477B9-C0BC-46BB-B2AD-560EE83BBAF7}.Release|Any CPU.Build.0 = Release|Any CPU
		{54470634-3872-4163-9A7E-A80D97952509}.Debug|Any CPU.ActiveCfg = Debug|Any CPU
		{54470634-3872-4163-9A7E-A80D97952509}.Debug|Any CPU.Build.0 = Debug|Any CPU
		{54470634-3872-4163-9A7E-A80D97952509}.Release|Any CPU.ActiveCfg = Release|Any CPU
		{54470634-3872-4163-9A7E-A80D97952509}.Release|Any CPU.Build.0 = Release|Any CPU
		{DD8243A0-2B98-4231-B97F-3FA03E0A1AD5}.Debug|Any CPU.ActiveCfg = Debug|Any CPU
		{DD8243A0-2B98-4231-B97F-3FA03E0A1AD5}.Debug|Any CPU.Build.0 = Debug|Any CPU
		{DD8243A0-2B98-4231-B97F-3FA03E0A1AD5}.Release|Any CPU.ActiveCfg = Release|Any CPU
		{DD8243A0-2B98-4231-B97F-3FA03E0A1AD5}.Release|Any CPU.Build.0 = Release|Any CPU
		{BC060B59-41D4-469F-8526-82C448C93BEB}.Debug|Any CPU.ActiveCfg = Debug|Any CPU
		{BC060B59-41D4-469F-8526-82C448C93BEB}.Debug|Any CPU.Build.0 = Debug|Any CPU
		{BC060B59-41D4-469F-8526-82C448C93BEB}.Release|Any CPU.ActiveCfg = Release|Any CPU
		{BC060B59-41D4-469F-8526-82C448C93BEB}.Release|Any CPU.Build.0 = Release|Any CPU
		{84E8EBDC-16E4-43D2-8E7A-1787C1C27A7A}.Debug|Any CPU.ActiveCfg = Debug|Any CPU
		{84E8EBDC-16E4-43D2-8E7A-1787C1C27A7A}.Debug|Any CPU.Build.0 = Debug|Any CPU
		{84E8EBDC-16E4-43D2-8E7A-1787C1C27A7A}.Release|Any CPU.ActiveCfg = Release|Any CPU
		{84E8EBDC-16E4-43D2-8E7A-1787C1C27A7A}.Release|Any CPU.Build.0 = Release|Any CPU
		{9FE92C0F-B087-4C3C-8C41-6093336B6A75}.Debug|Any CPU.ActiveCfg = Debug|Any CPU
		{9FE92C0F-B087-4C3C-8C41-6093336B6A75}.Debug|Any CPU.Build.0 = Debug|Any CPU
		{9FE92C0F-B087-4C3C-8C41-6093336B6A75}.Release|Any CPU.ActiveCfg = Release|Any CPU
		{9FE92C0F-B087-4C3C-8C41-6093336B6A75}.Release|Any CPU.Build.0 = Release|Any CPU
		{36640098-C071-4162-8AF2-DE3258F1880C}.Debug|Any CPU.ActiveCfg = Debug|Any CPU
		{36640098-C071-4162-8AF2-DE3258F1880C}.Debug|Any CPU.Build.0 = Debug|Any CPU
		{36640098-C071-4162-8AF2-DE3258F1880C}.Release|Any CPU.ActiveCfg = Release|Any CPU
		{36640098-C071-4162-8AF2-DE3258F1880C}.Release|Any CPU.Build.0 = Release|Any CPU
		{C74B633B-5513-456C-9826-7980EF7D4D22}.Debug|Any CPU.ActiveCfg = Debug|Any CPU
		{C74B633B-5513-456C-9826-7980EF7D4D22}.Debug|Any CPU.Build.0 = Debug|Any CPU
		{C74B633B-5513-456C-9826-7980EF7D4D22}.Release|Any CPU.ActiveCfg = Release|Any CPU
		{C74B633B-5513-456C-9826-7980EF7D4D22}.Release|Any CPU.Build.0 = Release|Any CPU
		{F4CA917B-6CA3-4B2A-A43B-16527B7D4497}.Debug|Any CPU.ActiveCfg = Debug|Any CPU
		{F4CA917B-6CA3-4B2A-A43B-16527B7D4497}.Debug|Any CPU.Build.0 = Debug|Any CPU
		{F4CA917B-6CA3-4B2A-A43B-16527B7D4497}.Release|Any CPU.ActiveCfg = Release|Any CPU
		{F4CA917B-6CA3-4B2A-A43B-16527B7D4497}.Release|Any CPU.Build.0 = Release|Any CPU
		{5CE0D283-84F1-4AF0-8325-7E028C5C614A}.Debug|Any CPU.ActiveCfg = Debug|Any CPU
		{5CE0D283-84F1-4AF0-8325-7E028C5C614A}.Debug|Any CPU.Build.0 = Debug|Any CPU
		{5CE0D283-84F1-4AF0-8325-7E028C5C614A}.Release|Any CPU.ActiveCfg = Release|Any CPU
		{5CE0D283-84F1-4AF0-8325-7E028C5C614A}.Release|Any CPU.Build.0 = Release|Any CPU
		{02E6E3C4-8421-456C-881C-77219A88E618}.Debug|Any CPU.ActiveCfg = Debug|Any CPU
		{02E6E3C4-8421-456C-881C-77219A88E618}.Debug|Any CPU.Build.0 = Debug|Any CPU
		{02E6E3C4-8421-456C-881C-77219A88E618}.Release|Any CPU.ActiveCfg = Release|Any CPU
		{02E6E3C4-8421-456C-881C-77219A88E618}.Release|Any CPU.Build.0 = Release|Any CPU
		{D9724E35-28FB-4BA2-8DDA-1F7AD64E0FB2}.Debug|Any CPU.ActiveCfg = Debug|Any CPU
		{D9724E35-28FB-4BA2-8DDA-1F7AD64E0FB2}.Debug|Any CPU.Build.0 = Debug|Any CPU
		{D9724E35-28FB-4BA2-8DDA-1F7AD64E0FB2}.Release|Any CPU.ActiveCfg = Release|Any CPU
		{D9724E35-28FB-4BA2-8DDA-1F7AD64E0FB2}.Release|Any CPU.Build.0 = Release|Any CPU
		{64B1BFED-2088-4C87-B0FC-D290BA6F9E1F}.Debug|Any CPU.ActiveCfg = Debug|Any CPU
		{64B1BFED-2088-4C87-B0FC-D290BA6F9E1F}.Debug|Any CPU.Build.0 = Debug|Any CPU
		{64B1BFED-2088-4C87-B0FC-D290BA6F9E1F}.Release|Any CPU.ActiveCfg = Release|Any CPU
		{64B1BFED-2088-4C87-B0FC-D290BA6F9E1F}.Release|Any CPU.Build.0 = Release|Any CPU
		{2B61D78D-69B9-4659-8CC7-2836752FCDAB}.Debug|Any CPU.ActiveCfg = Debug|Any CPU
		{2B61D78D-69B9-4659-8CC7-2836752FCDAB}.Debug|Any CPU.Build.0 = Debug|Any CPU
		{2B61D78D-69B9-4659-8CC7-2836752FCDAB}.Release|Any CPU.ActiveCfg = Release|Any CPU
		{2B61D78D-69B9-4659-8CC7-2836752FCDAB}.Release|Any CPU.Build.0 = Release|Any CPU
		{A8DD21F7-637C-4BCC-95A2-840796819F81}.Debug|Any CPU.ActiveCfg = Debug|Any CPU
		{A8DD21F7-637C-4BCC-95A2-840796819F81}.Debug|Any CPU.Build.0 = Debug|Any CPU
		{A8DD21F7-637C-4BCC-95A2-840796819F81}.Release|Any CPU.ActiveCfg = Release|Any CPU
		{A8DD21F7-637C-4BCC-95A2-840796819F81}.Release|Any CPU.Build.0 = Release|Any CPU
	EndGlobalSection
	GlobalSection(SolutionProperties) = preSolution
		HideSolutionNode = FALSE
	EndGlobalSection
	GlobalSection(NestedProjects) = preSolution
		{97446CA3-3691-45A3-B783-850F5169AABD} = {A14840A1-017C-4825-80E0-6C3FE86BBCCD}
		{5887CB8A-FE4A-4D80-A13C-64958BB7DFCF} = {97446CA3-3691-45A3-B783-850F5169AABD}
		{87AC189D-72CE-45FA-ABF1-18D5A3669A92} = {A14840A1-017C-4825-80E0-6C3FE86BBCCD}
		{8B6761A4-6BFD-4A9B-A42B-3C91BAE6B518} = {87AC189D-72CE-45FA-ABF1-18D5A3669A92}
		{797DCF49-0396-44F6-A9CD-ECD11367C89B} = {A14840A1-017C-4825-80E0-6C3FE86BBCCD}
		{716730AD-2D38-454A-9EC9-9D74D618519B} = {797DCF49-0396-44F6-A9CD-ECD11367C89B}
		{C97FCD48-7D75-4B44-89E1-4D5A06A6BDD6} = {797DCF49-0396-44F6-A9CD-ECD11367C89B}
		{242053EA-40F4-458E-B884-6EEB578D5765} = {797DCF49-0396-44F6-A9CD-ECD11367C89B}
		{4AEFA855-DFF2-4372-B4FA-4234AD252961} = {716730AD-2D38-454A-9EC9-9D74D618519B}
		{8E759A18-F947-4178-BA2E-6B74513B78C7} = {716730AD-2D38-454A-9EC9-9D74D618519B}
		{9D2477B9-C0BC-46BB-B2AD-560EE83BBAF7} = {C97FCD48-7D75-4B44-89E1-4D5A06A6BDD6}
		{54470634-3872-4163-9A7E-A80D97952509} = {242053EA-40F4-458E-B884-6EEB578D5765}
		{DD8243A0-2B98-4231-B97F-3FA03E0A1AD5} = {8D67DFA3-F6DC-42BE-90DC-94694AB0CAF9}
		{9389D8C0-6718-4041-BEB9-95673A447BFC} = {A14840A1-017C-4825-80E0-6C3FE86BBCCD}
		{BC060B59-41D4-469F-8526-82C448C93BEB} = {9389D8C0-6718-4041-BEB9-95673A447BFC}
		{84E8EBDC-16E4-43D2-8E7A-1787C1C27A7A} = {9389D8C0-6718-4041-BEB9-95673A447BFC}
		{9FE92C0F-B087-4C3C-8C41-6093336B6A75} = {9389D8C0-6718-4041-BEB9-95673A447BFC}
		{36640098-C071-4162-8AF2-DE3258F1880C} = {9389D8C0-6718-4041-BEB9-95673A447BFC}
		{C74B633B-5513-456C-9826-7980EF7D4D22} = {9389D8C0-6718-4041-BEB9-95673A447BFC}
		{85AE4E2E-0811-4BEC-A196-D356C9C0B5B1} = {A14840A1-017C-4825-80E0-6C3FE86BBCCD}
		{F4CA917B-6CA3-4B2A-A43B-16527B7D4497} = {85AE4E2E-0811-4BEC-A196-D356C9C0B5B1}
		{5CE0D283-84F1-4AF0-8325-7E028C5C614A} = {832185C2-52D1-4909-AB8F-02F39B6D43F0}
		{CF16A6E7-3643-447C-8AE9-5681ED67862C} = {A14840A1-017C-4825-80E0-6C3FE86BBCCD}
		{02E6E3C4-8421-456C-881C-77219A88E618} = {CF16A6E7-3643-447C-8AE9-5681ED67862C}
		{D9724E35-28FB-4BA2-8DDA-1F7AD64E0FB2} = {0DCF7A56-1B6D-4E55-BAF2-242C6F943DBD}
		{504877DA-67DB-4A05-AFC4-2AFC5DED90DE} = {A14840A1-017C-4825-80E0-6C3FE86BBCCD}
		{64B1BFED-2088-4C87-B0FC-D290BA6F9E1F} = {504877DA-67DB-4A05-AFC4-2AFC5DED90DE}
		{22570D6B-4CF8-4A88-A547-CF4B0B8A7ACE} = {A14840A1-017C-4825-80E0-6C3FE86BBCCD}
		{2B61D78D-69B9-4659-8CC7-2836752FCDAB} = {22570D6B-4CF8-4A88-A547-CF4B0B8A7ACE}
		{FF712303-22B0-4424-8344-516711174FBE} = {A14840A1-017C-4825-80E0-6C3FE86BBCCD}
		{A8DD21F7-637C-4BCC-95A2-840796819F81} = {FF712303-22B0-4424-8344-516711174FBE}
	EndGlobalSection
	GlobalSection(ExtensibilityGlobals) = postSolution
		SolutionGuid = {1B2912DB-4A52-4B19-869B-A9AB6B624CF9}
	EndGlobalSection
EndGlobal
